{
  "name": "ajslibrary2",
  "version": "1.0.0",
  "lockfileVersion": 3,
  "requires": true,
  "packages": {
    "": {
      "name": "ajslibrary2",
      "version": "1.0.0",
      "license": "ISC",
      "dependencies": {
        "@alexxelauser/ajslibrary": "^1.0.0"
      }
    },
    "node_modules/@alexxelauser/ajslibrary": {
      "version": "1.0.0",
      "resolved": "https://npm.pkg.github.com/download/@alexxelauser/ajslibrary/1.0.0/a326800d6262b3b83ec1ce93418a18be8c3062ed",
      "integrity": "sha512-x0AsBmA1nfzhhPpCHOJpc0v17NDIuqDh2g4Q3vX8WdKzaTjsNadmJunsX59RXqsAEqiCWzuVAMXMjBDfaHY6Gw==",
      "license": "ISC"
    }
  }
}
